<?xml version="1.0" encoding="utf-8"?>
<Project ToolsVersion="4.0" xmlns="http://schemas.microsoft.com/developer/msbuild/2003">
  <ItemGroup>
    <Text Include="..\MAIN\assets\game14\title.txt" />
  </ItemGroup>
  <ItemGroup>
    <ClCompile Include="GAME14.cpp">
      <Filter>base</Filter>
    </ClCompile>
    <ClCompile Include="GAME_OBJECT.cpp">
      <Filter>base</Filter>
    </ClCompile>
    <ClCompile Include="BUILDING.cpp">
      <Filter>character</Filter>
    </ClCompile>
    <ClCompile Include="PLAYER.cpp">
      <Filter>character</Filter>
    </ClCompile>
    <ClCompile Include="GAME_CLEAR.cpp">
      <Filter>scene</Filter>
    </ClCompile>
    <ClCompile Include="GAME_OVER.cpp">
      <Filter>scene</Filter>
    </ClCompile>
    <ClCompile Include="STAGE.cpp">
      <Filter>scene</Filter>
    </ClCompile>
    <ClCompile Include="TITLE.cpp">
      <Filter>scene</Filter>
    </ClCompile>
    <ClCompile Include="SCENE.cpp">
      <Filter>scene\base</Filter>
    </ClCompile>
    <ClCompile Include="CONTAINER.cpp">
      <Filter>container</Filter>
    </ClCompile>
    <ClCompile Include="TIME.cpp" />
    <ClCompile Include="BUTTON.cpp">
      <Filter>button</Filter>
    </ClCompile>
    <ClCompile Include="CREDIT_BUTTON.cpp">
      <Filter>button</Filter>
    </ClCompile>
    <ClCompile Include="EXIT_BUTTON.cpp">
      <Filter>button</Filter>
    </ClCompile>
    <ClCompile Include="RETRY_BUTTON.cpp">
      <Filter>button</Filter>
    </ClCompile>
    <ClCompile Include="START_BUTTON.cpp">
      <Filter>button</Filter>
    </ClCompile>
    <ClCompile Include="TITLE_BUTTON.cpp">
      <Filter>button</Filter>
    </ClCompile>
    <ClCompile Include="CREDIT.cpp">
      <Filter>scene</Filter>
    </ClCompile>
  </ItemGroup>
  <ItemGroup>
    <ClInclude Include="GAME14.h">
      <Filter>base</Filter>
    </ClInclude>
    <ClInclude Include="GAME_OBJECT.h">
      <Filter>base</Filter>
    </ClInclude>
    <ClInclude Include="BUILDING.h">
      <Filter>character</Filter>
    </ClInclude>
    <ClInclude Include="PLAYER.h">
      <Filter>character</Filter>
    </ClInclude>
    <ClInclude Include="GAME_CLEAR.h">
      <Filter>scene</Filter>
    </ClInclude>
    <ClInclude Include="GAME_OVER.h">
      <Filter>scene</Filter>
    </ClInclude>
    <ClInclude Include="STAGE.h">
      <Filter>scene</Filter>
    </ClInclude>
    <ClInclude Include="TITLE.h">
      <Filter>scene</Filter>
    </ClInclude>
    <ClInclude Include="SCENE.h">
      <Filter>scene\base</Filter>
    </ClInclude>
    <ClInclude Include="CONTAINER.h">
      <Filter>container</Filter>
    </ClInclude>
    <ClInclude Include="TIME.h" />
    <ClInclude Include="BUTTON.h">
      <Filter>button</Filter>
    </ClInclude>
    <ClInclude Include="CREDIT_BUTTON.h">
      <Filter>button</Filter>
    </ClInclude>
    <ClInclude Include="EXIT_BUTTON.h">
      <Filter>button</Filter>
    </ClInclude>
    <ClInclude Include="RETRY_BUTTON.h">
      <Filter>button</Filter>
    </ClInclude>
    <ClInclude Include="START_BUTTON.h">
      <Filter>button</Filter>
    </ClInclude>
    <ClInclude Include="TITLE_BUTTON.h">
      <Filter>button</Filter>
    </ClInclude>
    <ClInclude Include="CREDIT.h">
      <Filter>scene</Filter>
    </ClInclude>
  </ItemGroup>
  <ItemGroup>
    <Filter Include="base">
      <UniqueIdentifier>{9b4c0b1c-ae23-43f6-966c-49f5d56fd929}</UniqueIdentifier>
    </Filter>
    <Filter Include="character">
      <UniqueIdentifier>{f70f7bc9-c3f5-4fbe-ac53-670fc43e10d6}</UniqueIdentifier>
    </Filter>
    <Filter Include="scene">
      <UniqueIdentifier>{42647325-23c5-497e-8160-824b1c323673}</UniqueIdentifier>
    </Filter>
    <Filter Include="scene\base">
      <UniqueIdentifier>{7f0708b2-3592-4bdc-895b-918bc6e5a637}</UniqueIdentifier>
    </Filter>
    <Filter Include="container">
      <UniqueIdentifier>{ecd3ead5-42ce-4717-9f94-fabbdf597d78}</UniqueIdentifier>
    </Filter>
    <Filter Include="button">
      <UniqueIdentifier>{d90d944f-59a9-4a0c-92b8-bdc45f278dbf}</UniqueIdentifier>
    </Filter>
  </ItemGroup>
</Project>